
Microsoft Visual Studio Solution File, Format Version 12.00
# Visual Studio Version 16
VisualStudioVersion = 16.0.30717.126
MinimumVisualStudioVersion = 10.0.40219.1
Project("{FAE04EC0-301F-11D3-BF4B-00C04F79EFBC}") = "ConstructWedDb", "ConstructWedDb\ConstructWedDb.csproj", "{52BEACF0-B0DA-420F-8493-EACE38727080}"
EndProject
Global
	GlobalSection(SolutionConfigurationPlatforms) = preSolution
		Debug|Any CPU = Debug|Any CPU
		Release|Any CPU = Release|Any CPU
	EndGlobalSection
	GlobalSection(ProjectConfigurationPlatforms) = postSolution
		{52BEACF0-B0DA-420F-8493-EACE38727080}.Debug|Any CPU.ActiveCfg = Debug|Any CPU
		{52BEACF0-B0DA-420F-8493-EACE38727080}.Debug|Any CPU.Build.0 = Debug|Any CPU
		{52BEACF0-B0DA-420F-8493-EACE38727080}.Release|Any CPU.ActiveCfg = Release|Any CPU
		{52BEACF0-B0DA-420F-8493-EACE38727080}.Release|Any CPU.Build.0 = Release|Any CPU
	EndGlobalSection
	GlobalSection(SolutionProperties) = preSolution
		HideSolutionNode = FALSE
	EndGlobalSection
	GlobalSection(ExtensibilityGlobals) = postSolution
		SolutionGuid = {5AFD3936-C36B-4073-B645-6E7565BA9979}
	EndGlobalSection
EndGlobal
